
Microsoft Visual Studio Solution File, Format Version 12.00
# Visual Studio Version 17
VisualStudioVersion = 17.5.002.0
MinimumVisualStudioVersion = 10.0.40219.1
Project("{9A19103F-16F7-4668-BE54-9A1E7A4F7556}") = "test-it", "test-it.csproj", "{5046CA6E-C223-421F-82CB-179811123512}"
EndProject
Project("{9A19103F-16F7-4668-BE54-9A1E7A4F7556}") = "bunny-sdk", "bunny-sdk.csproj", "{2D56A93E-BF20-4FAC-8650-884B905EDBA9}"
EndProject
Global
	GlobalSection(SolutionConfigurationPlatforms) = preSolution
		Debug|Any CPU = Debug|Any CPU
		Release|Any CPU = Release|Any CPU
	EndGlobalSection
	GlobalSection(ProjectConfigurationPlatforms) = postSolution
		{5046CA6E-C223-421F-82CB-179811123512}.Debug|Any CPU.ActiveCfg = Debug|Any CPU
		{5046CA6E-C223-421F-82CB-179811123512}.Debug|Any CPU.Build.0 = Debug|Any CPU
		{5046CA6E-C223-421F-82CB-179811123512}.Release|Any CPU.ActiveCfg = Release|Any CPU
		{5046CA6E-C223-421F-82CB-179811123512}.Release|Any CPU.Build.0 = Release|Any CPU
		{2D56A93E-BF20-4FAC-8650-884B905EDBA9}.Debug|Any CPU.ActiveCfg = Debug|Any CPU
		{2D56A93E-BF20-4FAC-8650-884B905EDBA9}.Debug|Any CPU.Build.0 = Debug|Any CPU
		{2D56A93E-BF20-4FAC-8650-884B905EDBA9}.Release|Any CPU.ActiveCfg = Release|Any CPU
		{2D56A93E-BF20-4FAC-8650-884B905EDBA9}.Release|Any CPU.Build.0 = Release|Any CPU
	EndGlobalSection
	GlobalSection(SolutionProperties) = preSolution
		HideSolutionNode = FALSE
	EndGlobalSection
	GlobalSection(ExtensibilityGlobals) = postSolution
		SolutionGuid = {E457694B-C132-4A62-A5C5-0B8F4B06EDEB}
	EndGlobalSection
EndGlobal
